// !$*UTF8*$!
{
	archiveVersion = 1;
	classes = {
	};
	objectVersion = 50;
	objects = {

/* Begin PBXBuildFile section */
		DEBE8C1121095682007CFC81 /* AppDelegate.m in Sources */ = {isa = PBXBuildFile; fileRef = DEBE8C1021095682007CFC81 /* AppDelegate.m */; };
		DEBE8C1421095682007CFC81 /* ViewController.m in Sources */ = {isa = PBXBuildFile; fileRef = DEBE8C1321095682007CFC81 /* ViewController.m */; };
		DEBE8C1721095682007CFC81 /* Main.storyboard in Resources */ = {isa = PBXBuildFile; fileRef = DEBE8C1521095682007CFC81 /* Main.storyboard */; };
		DEBE8C1921095686007CFC81 /* Assets.xcassets in Resources */ = {isa = PBXBuildFile; fileRef = DEBE8C1821095686007CFC81 /* Assets.xcassets */; };
		DEBE8C1C21095686007CFC81 /* LaunchScreen.storyboard in Resources */ = {isa = PBXBuildFile; fileRef = DEBE8C1A21095686007CFC81 /* LaunchScreen.storyboard */; };
		DEBE8C1F21095686007CFC81 /* main.m in Sources */ = {isa = PBXBuildFile; fileRef = DEBE8C1E21095686007CFC81 /* main.m */; };
		DEBE8C28210956D5007CFC81 /* RoundProgressView.m in Sources */ = {isa = PBXBuildFile; fileRef = DEBE8C27210956D5007CFC81 /* RoundProgressView.m */; };
/* End PBXBuildFile section */

/* Begin PBXFileReference section */
		DEBE8C0C21095682007CFC81 /* DrawRound.app */ = {isa = PBXFileReference; explicitFileType = wrapper.application; includeInIndex = 0; path = DrawRound.app; sourceTree = BUILT_PRODUCTS_DIR; };
		DEBE8C0F21095682007CFC81 /* AppDelegate.h */ = {isa = PBXFileReference; lastKnownFileType = sourcecode.c.h; path = AppDelegate.h; sourceTree = "<group>"; };
		DEBE8C1021095682007CFC81 /* AppDelegate.m */ = {isa = PBXFileReference; lastKnownFileType = sourcecode.c.objc; path = AppDelegate.m; sourceTree = "<group>"; };
		DEBE8C1221095682007CFC81 /* ViewController.h */ = {isa = PBXFileReference; lastKnownFileType = sourcecode.c.h; path = ViewController.h; sourceTree = "<group>"; };
		DEBE8C1321095682007CFC81 /* ViewController.m */ = {isa = PBXFileReference; lastKnownFileType = sourcecode.c.objc; path = ViewController.m; sourceTree = "<group>"; };
		DEBE8C1621095682007CFC81 /* Base */ = {isa = PBXFileReference; lastKnownFileType = file.storyboard; name = Base; path = Base.lproj/Main.storyboard; sourceTree = "<group>"; };
		DEBE8C1821095686007CFC81 /* Assets.xcassets */ = {isa = PBXFileReference; lastKnownFileType = folder.assetcatalog; path = Assets.xcassets; sourceTree = "<group>"; };
		DEBE8C1B21095686007CFC81 /* Base */ = {isa = PBXFileReference; lastKnownFileType = file.storyboard; name = Base; path = Base.lproj/LaunchScreen.storyboard; sourceTree = "<group>"; };
		DEBE8C1D21095686007CFC81 /* Info.plist */ = {isa = PBXFileReference; lastKnownFileType = text.plist.xml; path = Info.plist; sourceTree = "<group>"; };
		DEBE8C1E21095686007CFC81 /* main.m */ = {isa = PBXFileReference; lastKnownFileType = sourcecode.c.objc; path = main.m; sourceTree = "<group>"; };
		DEBE8C26210956D5007CFC81 /* RoundProgressView.h */ = {isa = PBXFileReference; lastKnownFileType = sourcecode.c.h; path = RoundProgressView.h; sourceTree = "<group>"; };
		DEBE8C27210956D5007CFC81 /* RoundProgressView.m */ = {isa = PBXFileReference; lastKnownFileType = sourcecode.c.objc; path = RoundProgressView.m; sourceTree = "<group>"; };
/* End PBXFileReference section */

/* Begin PBXFrameworksBuildPhase section */
		DEBE8C0921095682007CFC81 /* Frameworks */ = {
			isa = PBXFrameworksBuildPhase;
			buildActionMask = 2147483647;
			files = (
			);
			runOnlyForDeploymentPostprocessing = 0;
		};
/* End PBXFrameworksBuildPhase section */

/* Begin PBXGroup section */
		DEBE8C0321095682007CFC81 = {
			isa = PBXGroup;
			children = (
				DEBE8C0E21095682007CFC81 /* DrawRound */,
				DEBE8C0D21095682007CFC81 /* Products */,
			);
			sourceTree = "<group>";
		};
		DEBE8C0D21095682007CFC81 /* Products */ = {
			isa = PBXGroup;
			children = (
				DEBE8C0C21095682007CFC81 /* DrawRound.app */,
			);
			name = Products;
			sourceTree = "<group>";
		};
		DEBE8C0E21095682007CFC81 /* DrawRound */ = {
			isa = PBXGroup;
			children = (
				DEBE8C2521095697007CFC81 /* RoundProgress */,
				DEBE8C0F21095682007CFC81 /* AppDelegate.h */,
				DEBE8C1021095682007CFC81 /* AppDelegate.m */,
				DEBE8C1221095682007CFC81 /* ViewController.h */,
				DEBE8C1321095682007CFC81 /* ViewController.m */,
				DEBE8C1521095682007CFC81 /* Main.storyboard */,
				DEBE8C1821095686007CFC81 /* Assets.xcassets */,
				DEBE8C1A21095686007CFC81 /* LaunchScreen.storyboard */,
				DEBE8C1D21095686007CFC81 /* Info.plist */,
				DEBE8C1E21095686007CFC81 /* main.m */,
			);
			path = DrawRound;
			sourceTree = "<group>";
		};
		DEBE8C2521095697007CFC81 /* RoundProgress */ = {
			isa = PBXGroup;
			children = (
				DEBE8C26210956D5007CFC81 /* RoundProgressView.h */,
				DEBE8C27210956D5007CFC81 /* RoundProgressView.m */,
			);
			path = RoundProgress;
			sourceTree = "<group>";
		};
/* End PBXGroup section */

/* Begin PBXNativeTarget section */
		DEBE8C0B21095682007CFC81 /* DrawRound */ = {
			isa = PBXNativeTarget;
			buildConfigurationList = DEBE8C2221095686007CFC81 /* Build configuration list for PBXNativeTarget "DrawRound" */;
			buildPhases = (
				DEBE8C0821095682007CFC81 /* Sources */,
				DEBE8C0921095682007CFC81 /* Frameworks */,
				DEBE8C0A21095682007CFC81 /* Resources */,
			);
			buildRules = (
			);
			dependencies = (
			);
			name = DrawRound;
			productName = DrawRound;
			productReference = DEBE8C0C21095682007CFC81 /* DrawRound.app */;
			productType = "com.apple.product-type.application";
		};
/* End PBXNativeTarget section */

/* Begin PBXProject section */
		DEBE8C0421095682007CFC81 /* Project object */ = {
			isa = PBXProject;
			attributes = {
				LastUpgradeCheck = 0940;
				ORGANIZATIONNAME = Destiny;
				TargetAttributes = {
					DEBE8C0B21095682007CFC81 = {
						CreatedOnToolsVersion = 9.4.1;
					};
				};
			};
			buildConfigurationList = DEBE8C0721095682007CFC81 /* Build configuration list for PBXProject "DrawRound" */;
			compatibilityVersion = "Xcode 9.3";
			developmentRegion = en;
			hasScannedForEncodings = 0;
			knownRegions = (
				en,
				Base,
			);
			mainGroup = DEBE8C0321095682007CFC81;
			productRefGroup = DEBE8C0D21095682007CFC81 /* Products */;
			projectDirPath = "";
			projectRoot = "";
			targets = (
				DEBE8C0B21095682007CFC81 /* DrawRound */,
			);
		};
/* End PBXProject section */

/* Begin PBXResourcesBuildPhase section */
		DEBE8C0A21095682007CFC81 /* Resources */ = {
			isa = PBXResourcesBuildPhase;
			buildActionMask = 2147483647;
			files = (
				DEBE8C1C21095686007CFC81 /* LaunchScreen.storyboard in Resources */,
				DEBE8C1921095686007CFC81 /* Assets.xcassets in Resources */,
				DEBE8C1721095682007CFC81 /* Main.storyboard in Resources */,
			);
			runOnlyForDeploymentPostprocessing = 0;
		};
/* End PBXResourcesBuildPhase section */

/* Begin PBXSourcesBuildPhase section */
		DEBE8C0821095682007CFC81 /* Sources */ = {
			isa = PBXSourcesBuildPhase;
			buildActionMask = 2147483647;
			files = (
				DEBE8C1421095682007CFC81 /* ViewController.m in Sources */,
				DEBE8C1F21095686007CFC81 /* main.m in Sources */,
				DEBE8C28210956D5007CFC81 /* RoundProgressView.m in Sources */,
				DEBE8C1121095682007CFC81 /* AppDelegate.m in Sources */,
			);
			runOnlyForDeploymentPostprocessing = 0;
		};
/* End PBXSourcesBuildPhase section */

/* Begin PBXVariantGroup section */
		DEBE8C1521095682007CFC81 /* Main.storyboard */ = {
			isa = PBXVariantGroup;
			children = (
				DEBE8C1621095682007CFC81 /* Base */,
			);
			name = Main.storyboard;
			sourceTree = "<group>";
		};
		DEBE8C1A21095686007CFC81 /* LaunchScreen.storyboard */ = {
			isa = PBXVariantGroup;
			children = (
				DEBE8C1B21095686007CFC81 /* Base */,
			);
			name = LaunchScreen.storyboard;
			sourceTree = "<group>";
		};
/* End PBXVariantGroup section */

/* Begin XCBuildConfiguration section */
		DEBE8C2021095686007CFC81 /* Debug */ = {
			isa = XCBuildConfiguration;
			buildSettings = {
				ALWAYS_SEARCH_USER_PATHS = NO;
				CLANG_ANALYZER_NONNULL = YES;
				CLANG_ANALYZER_NUMBER_OBJECT_CONVERSION = YES_AGGRESSIVE;
				CLANG_CXX_LANGUAGE_STANDARD = "gnu++14";
				CLANG_CXX_LIBRARY = "libc++";
				CLANG_ENABLE_MODULES = YES;
				CLANG_ENABLE_OBJC_ARC = YES;
				CLANG_ENABLE_OBJC_WEAK = YES;
				CLANG_WARN_BLOCK_CAPTURE_AUTORELEASING = YES;
				CLANG_WARN_BOOL_CONVERSION = YES;
				CLANG_WARN_COMMA = YES;
				CLANG_WARN_CONSTANT_CONVERSION = YES;
				CLANG_WARN_DEPRECATED_OBJC_IMPLEMENTATIONS = YES;
				CLANG_WARN_DIRECT_OBJC_ISA_USAGE = YES_ERROR;
				CLANG_WARN_DOCUMENTATION_COMMENTS = YES;
				CLANG_WARN_EMPTY_BODY = YES;
				CLANG_WARN_ENUM_CONVERSION = YES;
				CLANG_WARN_INFINITE_RECURSION = YES;
				CLANG_WARN_INT_CONVERSION = YES;
				CLANG_WARN_NON_LITERAL_NULL_CONVERSION = YES;
				CLANG_WARN_OBJC_IMPLICIT_RETAIN_SELF = YES;
				CLANG_WARN_OBJC_LITERAL_CONVERSION = YES;
				CLANG_WARN_OBJC_ROOT_CLASS = YES_ERROR;
				CLANG_WARN_RANGE_LOOP_ANALYSIS = YES;
				CLANG_WARN_STRICT_PROTOTYPES = YES;
				CLANG_WARN_SUSPICIOUS_MOVE = YES;
				CLANG_WARN_UNGUARDED_AVAILABILITY = YES_AGGRESSIVE;
				CLANG_WARN_UNREACHABLE_CODE = YES;
				CLANG_WARN__DUPLICATE_METHOD_MATCH = YES;
				CODE_SIGN_IDENTITY = "iPhone Developer";
				COPY_PHASE_STRIP = NO;
				DEBUG_INFORMATION_FORMAT = dwarf;
				ENABLE_STRICT_OBJC_MSGSEND = YES;
				ENABLE_TESTABILITY = YES;
				GCC_C_LANGUAGE_STANDARD = gnu11;
				GCC_DYNAMIC_NO_PIC = NO;
				GCC_NO_COMMON_BLOCKS = YES;
				GCC_OPTIMIZATION_LEVEL = 0;
				GCC_PREPROCESSOR_DEFINITIONS = (
					"DEBUG=1",
					"$(inherited)",
				);
				GCC_WARN_64_TO_32_BIT_CONVERSION = YES;
				GCC_WARN_ABOUT_RETURN_TYPE = YES_ERROR;
				GCC_WARN_UNDECLARED_SELECTOR = YES;
				GCC_WARN_UNINITIALIZED_AUTOS = YES_AGGRESSIVE;
				GCC_WARN_UNUSED_FUNCTION = YES;
				GCC_WARN_UNUSED_VARIABLE = YES;
				IPHONEOS_DEPLOYMENT_TARGET = 11.4;
				MTL_ENABLE_DEBUG_INFO = YES;
				ONLY_ACTIVE_ARCH = YES;
				SDKROOT = iphoneos;
			};
			name = Debug;
		};
		DEBE8C2121095686007CFC81 /* Release */ = {
			isa = XCBuildConfiguration;
			buildSettings = {
				ALWAYS_SEARCH_USER_PATHS = NO;
				CLANG_ANALYZER_NONNULL = YES;
				CLANG_ANALYZER_NUMBER_OBJECT_CONVERSION = YES_AGGRESSIVE;
				CLANG_CXX_LANGUAGE_STANDARD = "gnu++14";
				CLANG_CXX_LIBRARY = "libc++";
				CLANG_ENABLE_MODULES = YES;
				CLANG_ENABLE_OBJC_ARC = YES;
				CLANG_ENABLE_OBJC_WEAK = YES;
				CLANG_WARN_BLOCK_CAPTURE_AUTORELEASING = YES;
				CLANG_WARN_BOOL_CONVERSION = YES;
				CLANG_WARN_COMMA = YES;
				CLANG_WARN_CONSTANT_CONVERSION = YES;
				CLANG_WARN_DEPRECATED_OBJC_IMPLEMENTATIONS = YES;
				CLANG_WARN_DIRECT_OBJC_ISA_USAGE = YES_ERROR;
				CLANG_WARN_DOCUMENTATION_COMMENTS = YES;
				CLANG_WARN_EMPTY_BODY = YES;
				CLANG_WARN_ENUM_CONVERSION = YES;
				CLANG_WARN_INFINITE_RECURSION = YES;
				CLANG_WARN_INT_CONVERSION = YES;
				CLANG_WARN_NON_LITERAL_NULL_CONVERSION = YES;
				CLANG_WARN_OBJC_IMPLICIT_RETAIN_SELF = YES;
				CLANG_WARN_OBJC_LITERAL_CONVERSION = YES;
				CLANG_WARN_OBJC_ROOT_CLASS = YES_ERROR;
				CLANG_WARN_RANGE_LOOP_ANALYSIS = YES;
				CLANG_WARN_STRICT_PROTOTYPES = YES;
				CLANG_WARN_SUSPICIOUS_MOVE = YES;
				CLANG_WARN_UNGUARDED_AVAILABILITY = YES_AGGRESSIVE;
				CLANG_WARN_UNREACHABLE_CODE = YES;
				CLANG_WARN__DUPLICATE_METHOD_MATCH = YES;
				CODE_SIGN_IDENTITY = "iPhone Developer";
				COPY_PHASE_STRIP = NO;
				DEBUG_INFORMATION_FORMAT = "dwarf-with-dsym";
				ENABLE_NS_ASSERTIONS = NO;
				ENABLE_STRICT_OBJC_MSGSEND = YES;
				GCC_C_LANGUAGE_STANDARD = gnu11;
				GCC_NO_COMMON_BLOCKS = YES;
				GCC_WARN_64_TO_32_BIT_CONVERSION = YES;
				GCC_WARN_ABOUT_RETURN_TYPE = YES_ERROR;
				GCC_WARN_UNDECLARED_SELECTOR = YES;
				GCC_WARN_UNINITIALIZED_AUTOS = YES_AGGRESSIVE;
				GCC_WARN_UNUSED_FUNCTION = YES;
				GCC_WARN_UNUSED_VARIABLE = YES;
				IPHONEOS_DEPLOYMENT_TARGET = 11.4;
				MTL_ENABLE_DEBUG_INFO = NO;
				SDKROOT = iphoneos;
				VALIDATE_PRODUCT = YES;
			};
			name = Release;
		};
		DEBE8C2321095686007CFC81 /* Debug */ = {
			isa = XCBuildConfiguration;
			buildSettings = {
				ASSETCATALOG_COMPILER_APPICON_NAME = AppIcon;
				CODE_SIGN_STYLE = Automatic;
				INFOPLIST_FILE = DrawRound/Info.plist;
				LD_RUNPATH_SEARCH_PATHS = (
					"$(inherited)",
					"@executable_path/Frameworks",
				);
				PRODUCT_BUNDLE_IDENTIFIER = Destiny.DrawRound;
				PRODUCT_NAME = "$(TARGET_NAME)";
				TARGETED_DEVICE_FAMILY = "1,2";
			};
			name = Debug;
		};
		DEBE8C2421095686007CFC81 /* Release */ = {
			isa = XCBuildConfiguration;
			buildSettings = {
				ASSETCATALOG_COMPILER_APPICON_NAME = AppIcon;
				CODE_SIGN_STYLE = Automatic;
				INFOPLIST_FILE = DrawRound/Info.plist;
				LD_RUNPATH_SEARCH_PATHS = (
					"$(inherited)",
					"@executable_path/Frameworks",
				);
				PRODUCT_BUNDLE_IDENTIFIER = Destiny.DrawRound;
				PRODUCT_NAME = "$(TARGET_NAME)";
				TARGETED_DEVICE_FAMILY = "1,2";
			};
			name = Release;
		};
/* End XCBuildConfiguration section */

/* Begin XCConfigurationList section */
		DEBE8C0721095682007CFC81 /* Build configuration list for PBXProject "DrawRound" */ = {
			isa = XCConfigurationList;
			buildConfigurations = (
				DEBE8C2021095686007CFC81 /* Debug */,
				DEBE8C2121095686007CFC81 /* Release */,
			);
			defaultConfigurationIsVisible = 0;
			defaultConfigurationName = Release;
		};
		DEBE8C2221095686007CFC81 /* Build configuration list for PBXNativeTarget "DrawRound" */ = {
			isa = XCConfigurationList;
			buildConfigurations = (
				DEBE8C2321095686007CFC81 /* Debug */,
				DEBE8C2421095686007CFC81 /* Release */,
			);
			defaultConfigurationIsVisible = 0;
			defaultConfigurationName = Release;
		};
/* End XCConfigurationList section */
	};
	rootObject = DEBE8C0421095682007CFC81 /* Project object */;
}
